{
  "version": 4,
  "terraform_version": "1.3.7",
  "serial": 26,
  "lineage": "cba05fa4-5075-6298-0c39-c8d69a7c9455",
  "outputs": {},
  "resources": [
    {
      "mode": "data",
      "type": "digitalocean_ssh_key",
      "name": "ssh_key_name",
      "provider": "provider[\"registry.terraform.io/digitalocean/digitalocean\"]",
      "instances": [
        {
          "schema_version": 0,
          "attributes": {
            "fingerprint": "27:98:fe:9a:ed:52:de:86:0a:d7:f4:51:d9:ef:d2:91",
            "id": 37375758,
            "name": "teste-terraform-key",
            "public_key": "ssh-rsa AAAAB3NzaC1yc2EAAAADAQABAAABAQCoF0/VKSWXOrYdFamzHQHv5IOrmwgsdsitZCQ9u35r70GpmVQMtwx/5oWvKZszYMwICGO/aZ4betwqj9Xo0PaDvucYceH2YY4e8rm/ZhGXdsjhxOVXe8XKj5KjvlGsR9n9gQVyntdU/PdFwlxdabwmJwd9UukhLU5AAi8qTSClGimEJHsMdpq7MJmCiLEFxlqFlRxduIiPGw4Iuqj/7HT29TuLnQYlflqYTipXHPTtYqEIEfJjRShU7i+4NGOtUjvYCNUbZmNCZC8uG5hG0YXX+b0VTt2G7B0O3rcaexEjy8JfjMNoomT45NZ5WxztuK3MB/7vINI22MULXg6ioYSJ CIANDT\\jkatharine@lnb035731cps\n"
          },
          "sensitive_attributes": []
        }
      ]
    },
    {
      "mode": "managed",
      "type": "digitalocean_droplet",
      "name": "jenkins",
      "provider": "provider[\"registry.terraform.io/digitalocean/digitalocean\"]",
      "instances": [
        {
          "schema_version": 1,
          "attributes": {
            "backups": false,
            "created_at": "2023-01-28T05:57:28Z",
            "disk": 60,
            "droplet_agent": null,
            "graceful_shutdown": false,
            "id": "337935792",
            "image": "ubuntu-22-04-x64",
            "ipv4_address": "138.197.47.160",
            "ipv4_address_private": "10.108.0.2",
            "ipv6": false,
            "ipv6_address": "",
            "locked": false,
            "memory": 2048,
            "monitoring": false,
            "name": "jenkins",
            "price_hourly": 0.02679,
            "price_monthly": 18,
            "private_networking": true,
            "region": "nyc3",
            "resize_disk": true,
            "size": "s-2vcpu-2gb",
            "ssh_keys": [
              "37375758"
            ],
            "status": "active",
            "tags": null,
            "timeouts": null,
            "urn": "do:droplet:337935792",
            "user_data": null,
            "vcpus": 2,
            "volume_ids": [],
            "vpc_uuid": "da056911-4bdd-4118-ab1f-0167a7d38f63"
          },
          "sensitive_attributes": [],
          "private": "eyJlMmJmYjczMC1lY2FhLTExZTYtOGY4OC0zNDM2M2JjN2M0YzAiOnsiY3JlYXRlIjozNjAwMDAwMDAwMDAwLCJkZWxldGUiOjYwMDAwMDAwMDAwLCJ1cGRhdGUiOjM2MDAwMDAwMDAwMDB9LCJzY2hlbWFfdmVyc2lvbiI6IjEifQ==",
          "dependencies": [
            "data.digitalocean_ssh_key.ssh_key_name"
          ]
        }
      ]
    }
  ],
  "check_results": null
}
